<Solution>
  <Folder Name="/Solution Items/">
    <File Path="nswag.json" />
    <File Path="README.md" />
  </Folder>
  <Project Path="CommerceSuite.Api/CommerceSuite.Api.csproj" />
  <Project Path="CommerceSuite.ApiClient/CommerceSuite.ApiClient.csproj" />
  <Project Path="CommerceSuite.ConsoleTester/CommerceSuite.ConsoleTester.csproj" />
</Solution>
